
Microsoft Visual Studio Solution File, Format Version 12.00
# Visual Studio 2015
Project("{FAE04EC0-301F-11D3-BF4B-00C04F79EFBC}") = "CS7045-Dissertation---Crowd-Simulation.CSharp", "CS7045-Dissertation---Crowd-Simulation.CSharp.csproj", "{0418910E-335F-B4AF-56A1-9724908AA5BB}"
EndProject
Global
	GlobalSection(SolutionConfigurationPlatforms) = preSolution
		Debug|Any CPU = Debug|Any CPU
		Release|Any CPU = Release|Any CPU
	EndGlobalSection
	GlobalSection(ProjectConfigurationPlatforms) = postSolution
		{0418910E-335F-B4AF-56A1-9724908AA5BB}.Debug|Any CPU.ActiveCfg = Debug|Any CPU
		{0418910E-335F-B4AF-56A1-9724908AA5BB}.Debug|Any CPU.Build.0 = Debug|Any CPU
		{0418910E-335F-B4AF-56A1-9724908AA5BB}.Release|Any CPU.ActiveCfg = Release|Any CPU
		{0418910E-335F-B4AF-56A1-9724908AA5BB}.Release|Any CPU.Build.0 = Release|Any CPU
	EndGlobalSection
	GlobalSection(SolutionProperties) = preSolution
		HideSolutionNode = FALSE
	EndGlobalSection
EndGlobal
